
Microsoft Visual Studio Solution File, Format Version 12.00
# Visual Studio Version 17
VisualStudioVersion = 17.8.34330.188
MinimumVisualStudioVersion = 10.0.40219.1
Project("{FAE04EC0-301F-11D3-BF4B-00C04F79EFBC}") = "arcade", "arcade\arcade.csproj", "{DA5C00D7-9A91-46A8-AD36-75DBFA47DBCD}"
EndProject
Project("{FAE04EC0-301F-11D3-BF4B-00C04F79EFBC}") = "Egg Game", "..\Egg Game\Egg Game\Egg Game.csproj", "{AA6AE5E5-BDC6-4226-B7AE-144348B01D84}"
EndProject
Project("{FAE04EC0-301F-11D3-BF4B-00C04F79EFBC}") = "car race", "..\car race\car race\car race.csproj", "{6129F317-079B-483F-8677-73741A2C27DD}"
EndProject
Project("{FAE04EC0-301F-11D3-BF4B-00C04F79EFBC}") = "tic tac toe", "..\Tic Tac Toe\tic tac toe\tic tac toe.csproj", "{14BF60C4-C393-4EC0-9B5A-FB8B3DE1E14A}"
EndProject
Project("{FAE04EC0-301F-11D3-BF4B-00C04F79EFBC}") = "flabby_bird", "..\flabby_bird\flabby_bird\flabby_bird.csproj", "{CA5762EA-0975-4076-95B9-BD872A11EDB5}"
EndProject
Global
	GlobalSection(SolutionConfigurationPlatforms) = preSolution
		Debug|Any CPU = Debug|Any CPU
		Release|Any CPU = Release|Any CPU
	EndGlobalSection
	GlobalSection(ProjectConfigurationPlatforms) = postSolution
		{DA5C00D7-9A91-46A8-AD36-75DBFA47DBCD}.Debug|Any CPU.ActiveCfg = Debug|Any CPU
		{DA5C00D7-9A91-46A8-AD36-75DBFA47DBCD}.Debug|Any CPU.Build.0 = Debug|Any CPU
		{DA5C00D7-9A91-46A8-AD36-75DBFA47DBCD}.Release|Any CPU.ActiveCfg = Release|Any CPU
		{DA5C00D7-9A91-46A8-AD36-75DBFA47DBCD}.Release|Any CPU.Build.0 = Release|Any CPU
		{AA6AE5E5-BDC6-4226-B7AE-144348B01D84}.Debug|Any CPU.ActiveCfg = Debug|Any CPU
		{AA6AE5E5-BDC6-4226-B7AE-144348B01D84}.Debug|Any CPU.Build.0 = Debug|Any CPU
		{AA6AE5E5-BDC6-4226-B7AE-144348B01D84}.Release|Any CPU.ActiveCfg = Release|Any CPU
		{AA6AE5E5-BDC6-4226-B7AE-144348B01D84}.Release|Any CPU.Build.0 = Release|Any CPU
		{6129F317-079B-483F-8677-73741A2C27DD}.Debug|Any CPU.ActiveCfg = Debug|Any CPU
		{6129F317-079B-483F-8677-73741A2C27DD}.Debug|Any CPU.Build.0 = Debug|Any CPU
		{6129F317-079B-483F-8677-73741A2C27DD}.Release|Any CPU.ActiveCfg = Release|Any CPU
		{6129F317-079B-483F-8677-73741A2C27DD}.Release|Any CPU.Build.0 = Release|Any CPU
		{14BF60C4-C393-4EC0-9B5A-FB8B3DE1E14A}.Debug|Any CPU.ActiveCfg = Debug|Any CPU
		{14BF60C4-C393-4EC0-9B5A-FB8B3DE1E14A}.Debug|Any CPU.Build.0 = Debug|Any CPU
		{14BF60C4-C393-4EC0-9B5A-FB8B3DE1E14A}.Release|Any CPU.ActiveCfg = Release|Any CPU
		{14BF60C4-C393-4EC0-9B5A-FB8B3DE1E14A}.Release|Any CPU.Build.0 = Release|Any CPU
		{CA5762EA-0975-4076-95B9-BD872A11EDB5}.Debug|Any CPU.ActiveCfg = Debug|Any CPU
		{CA5762EA-0975-4076-95B9-BD872A11EDB5}.Debug|Any CPU.Build.0 = Debug|Any CPU
		{CA5762EA-0975-4076-95B9-BD872A11EDB5}.Release|Any CPU.ActiveCfg = Release|Any CPU
		{CA5762EA-0975-4076-95B9-BD872A11EDB5}.Release|Any CPU.Build.0 = Release|Any CPU
	EndGlobalSection
	GlobalSection(SolutionProperties) = preSolution
		HideSolutionNode = FALSE
	EndGlobalSection
	GlobalSection(ExtensibilityGlobals) = postSolution
		SolutionGuid = {196936A3-B37F-4AA6-8C65-8BB2965F4EEE}
	EndGlobalSection
EndGlobal
