
Microsoft Visual Studio Solution File, Format Version 12.00
# Visual Studio Version 17
VisualStudioVersion = 17.8.34330.188
MinimumVisualStudioVersion = 10.0.40219.1
Project("{FAE04EC0-301F-11D3-BF4B-00C04F79EFBC}") = "flabby_bird", "flabby_bird\flabby_bird.csproj", "{CA5762EA-0975-4076-95B9-BD872A11EDB5}"
EndProject
Global
	GlobalSection(SolutionConfigurationPlatforms) = preSolution
		Debug|Any CPU = Debug|Any CPU
		Release|Any CPU = Release|Any CPU
	EndGlobalSection
	GlobalSection(ProjectConfigurationPlatforms) = postSolution
		{CA5762EA-0975-4076-95B9-BD872A11EDB5}.Debug|Any CPU.ActiveCfg = Debug|Any CPU
		{CA5762EA-0975-4076-95B9-BD872A11EDB5}.Debug|Any CPU.Build.0 = Debug|Any CPU
		{CA5762EA-0975-4076-95B9-BD872A11EDB5}.Release|Any CPU.ActiveCfg = Release|Any CPU
		{CA5762EA-0975-4076-95B9-BD872A11EDB5}.Release|Any CPU.Build.0 = Release|Any CPU
	EndGlobalSection
	GlobalSection(SolutionProperties) = preSolution
		HideSolutionNode = FALSE
	EndGlobalSection
	GlobalSection(ExtensibilityGlobals) = postSolution
		SolutionGuid = {F78395B5-D271-464A-BF81-07FCDDB1234A}
	EndGlobalSection
EndGlobal
